
Microsoft Visual Studio Solution File, Format Version 12.00
# Visual Studio Version 16
VisualStudioVersion = 16.0.31624.102
MinimumVisualStudioVersion = 10.0.40219.1
Project("{FAE04EC0-301F-11D3-BF4B-00C04F79EFBC}") = "Opposites attract", "Opposites attract\Opposites attract.csproj", "{5B332185-F08C-419C-ADEE-ED3F0FFEF1BE}"
EndProject
Global
	GlobalSection(SolutionConfigurationPlatforms) = preSolution
		Debug|Any CPU = Debug|Any CPU
		Release|Any CPU = Release|Any CPU
	EndGlobalSection
	GlobalSection(ProjectConfigurationPlatforms) = postSolution
		{5B332185-F08C-419C-ADEE-ED3F0FFEF1BE}.Debug|Any CPU.ActiveCfg = Debug|Any CPU
		{5B332185-F08C-419C-ADEE-ED3F0FFEF1BE}.Debug|Any CPU.Build.0 = Debug|Any CPU
		{5B332185-F08C-419C-ADEE-ED3F0FFEF1BE}.Release|Any CPU.ActiveCfg = Release|Any CPU
		{5B332185-F08C-419C-ADEE-ED3F0FFEF1BE}.Release|Any CPU.Build.0 = Release|Any CPU
	EndGlobalSection
	GlobalSection(SolutionProperties) = preSolution
		HideSolutionNode = FALSE
	EndGlobalSection
	GlobalSection(ExtensibilityGlobals) = postSolution
		SolutionGuid = {3D2F31E0-99DE-4DC4-BDC8-213A9F06BB99}
	EndGlobalSection
EndGlobal
